
Microsoft Visual Studio Solution File, Format Version 12.00
# Visual Studio 15
VisualStudioVersion = 15.0.28307.539
MinimumVisualStudioVersion = 10.0.40219.1
Project("{FAE04EC0-301F-11D3-BF4B-00C04F79EFBC}") = "udemy", "udemy\udemy.csproj", "{B9493285-CFF3-4D9C-B708-730297DA6868}"
EndProject
Project("{FAE04EC0-301F-11D3-BF4B-00C04F79EFBC}") = "udemy.Tests", "udemy.Tests\udemy.Tests.csproj", "{8A089B04-5394-43C8-850B-6F6B97536CDF}"
EndProject
Global
	GlobalSection(SolutionConfigurationPlatforms) = preSolution
		Debug|Any CPU = Debug|Any CPU
		Release|Any CPU = Release|Any CPU
	EndGlobalSection
	GlobalSection(ProjectConfigurationPlatforms) = postSolution
		{B9493285-CFF3-4D9C-B708-730297DA6868}.Debug|Any CPU.ActiveCfg = Debug|Any CPU
		{B9493285-CFF3-4D9C-B708-730297DA6868}.Debug|Any CPU.Build.0 = Debug|Any CPU
		{B9493285-CFF3-4D9C-B708-730297DA6868}.Release|Any CPU.ActiveCfg = Release|Any CPU
		{B9493285-CFF3-4D9C-B708-730297DA6868}.Release|Any CPU.Build.0 = Release|Any CPU
		{8A089B04-5394-43C8-850B-6F6B97536CDF}.Debug|Any CPU.ActiveCfg = Debug|Any CPU
		{8A089B04-5394-43C8-850B-6F6B97536CDF}.Debug|Any CPU.Build.0 = Debug|Any CPU
		{8A089B04-5394-43C8-850B-6F6B97536CDF}.Release|Any CPU.ActiveCfg = Release|Any CPU
		{8A089B04-5394-43C8-850B-6F6B97536CDF}.Release|Any CPU.Build.0 = Release|Any CPU
	EndGlobalSection
	GlobalSection(SolutionProperties) = preSolution
		HideSolutionNode = FALSE
	EndGlobalSection
	GlobalSection(ExtensibilityGlobals) = postSolution
		SolutionGuid = {88531A4D-7F5A-47BC-85B4-7F614C9570B6}
	EndGlobalSection
EndGlobal
